
Microsoft Visual Studio Solution File, Format Version 12.00
# Visual Studio Version 16
VisualStudioVersion = 16.0.31410.357
MinimumVisualStudioVersion = 10.0.40219.1
Project("{FAE04EC0-301F-11D3-BF4B-00C04F79EFBC}") = "MacrosAPI", "PluginsAPI\MacrosAPI.csproj", "{02DE83C5-407D-4F2E-92A9-F4D86EC9AFFC}"
EndProject
Project("{FAE04EC0-301F-11D3-BF4B-00C04F79EFBC}") = "Tests", "Tests\Tests.csproj", "{77E80568-7A6B-4F1E-90BE-056F60CC2095}"
EndProject
Project("{FAE04EC0-301F-11D3-BF4B-00C04F79EFBC}") = "Testv2", "Testv2\Testv2.csproj", "{0217B821-DC52-4E42-9F0D-411B00370E53}"
EndProject
Global
	GlobalSection(SolutionConfigurationPlatforms) = preSolution
		Debug|Any CPU = Debug|Any CPU
		Release|Any CPU = Release|Any CPU
	EndGlobalSection
	GlobalSection(ProjectConfigurationPlatforms) = postSolution
		{02DE83C5-407D-4F2E-92A9-F4D86EC9AFFC}.Debug|Any CPU.ActiveCfg = Debug|Any CPU
		{02DE83C5-407D-4F2E-92A9-F4D86EC9AFFC}.Debug|Any CPU.Build.0 = Debug|Any CPU
		{02DE83C5-407D-4F2E-92A9-F4D86EC9AFFC}.Release|Any CPU.ActiveCfg = Release|Any CPU
		{02DE83C5-407D-4F2E-92A9-F4D86EC9AFFC}.Release|Any CPU.Build.0 = Release|Any CPU
		{77E80568-7A6B-4F1E-90BE-056F60CC2095}.Debug|Any CPU.ActiveCfg = Debug|Any CPU
		{77E80568-7A6B-4F1E-90BE-056F60CC2095}.Debug|Any CPU.Build.0 = Debug|Any CPU
		{77E80568-7A6B-4F1E-90BE-056F60CC2095}.Release|Any CPU.ActiveCfg = Release|Any CPU
		{77E80568-7A6B-4F1E-90BE-056F60CC2095}.Release|Any CPU.Build.0 = Release|Any CPU
		{0217B821-DC52-4E42-9F0D-411B00370E53}.Debug|Any CPU.ActiveCfg = Debug|Any CPU
		{0217B821-DC52-4E42-9F0D-411B00370E53}.Debug|Any CPU.Build.0 = Debug|Any CPU
		{0217B821-DC52-4E42-9F0D-411B00370E53}.Release|Any CPU.ActiveCfg = Release|Any CPU
		{0217B821-DC52-4E42-9F0D-411B00370E53}.Release|Any CPU.Build.0 = Release|Any CPU
	EndGlobalSection
	GlobalSection(SolutionProperties) = preSolution
		HideSolutionNode = FALSE
	EndGlobalSection
	GlobalSection(ExtensibilityGlobals) = postSolution
		SolutionGuid = {B267AD62-82F2-432C-9BA0-6E975475949C}
	EndGlobalSection
EndGlobal
